schema: '2.0'
stages:
  download_hugging_kaggle:
    cmd: python -m recruitair.data.download_raw_dataset
    deps:
    - path: recruitair/config/data_download_config.py
      hash: md5
      md5: 5aa5f9ebe39820027171fea05daa0334
      size: 348
    - path: recruitair/data/download_raw_dataset.py
      hash: md5
      md5: 9191ced0a97f4adc3a63f4b4dc34e6a8
      size: 4247
    outs:
    - path: data/raw/job-skill-set.csv
      hash: md5
      md5: 91aae8929ba2216f5f7df451583e5b7c
      size: 4910232
    - path: data/raw/raw_jsons/
      hash: md5
      md5: d93d60248b2ec8721ebe15a333535407.dir
      size: 13682579
      nfiles: 1032
    - path: data/raw/recruitment.csv
      hash: md5
      md5: 5e02647bac4970269470190ad4978148
      size: 10156046
  preprocess_json:
    cmd: python -m recruitair.data.preprocess_json
    deps:
    - path: data/raw/raw_jsons/
      hash: md5
      md5: d93d60248b2ec8721ebe15a333535407.dir
      size: 13682579
      nfiles: 1032
    - path: recruitair/config/data_preprocess_config.py
      hash: md5
      md5: 0e1959a17c67d60dd0ec7369bbf5fb20
      size: 256
    - path: recruitair/data/preprocess_json.py
      hash: md5
      md5: a8c0dd70db0d4804f1cc5f808d3c44e4
      size: 3626
    outs:
    - path: data/interim/preprocessed_cvs.jsonl
      hash: md5
      md5: 8e7f578940afc57e79545d6c3d0d65a4
      size: 20128435
  split_data:
    cmd: python -m recruitair.data.split_data
    deps:
    - path: data/interim/preprocessed_cvs.jsonl
      hash: md5
      md5: 8e7f578940afc57e79545d6c3d0d65a4
      size: 20128435
    - path: recruitair/config/data_split_config.py
      hash: md5
      md5: 666960ec6178704c1914b6f6617e8a05
      size: 251
    outs:
    - path: data/processed/test.jsonl
      hash: md5
      md5: 8f697fbf8795398d2cbedc8cf57b634f
      size: 2069485
    - path: data/processed/train.jsonl
      hash: md5
      md5: 52dfa4937b7acad2d52961731d71d661
      size: 14355712
    - path: data/processed/validation.jsonl
      hash: md5
      md5: 81fab5e53442debb14d884bf9518fc1e
      size: 3900809
